
Microsoft Visual Studio Solution File, Format Version 12.00
# Visual Studio 2012
Project("{2150E333-8FDC-42A3-9474-1A3956D46DE8}") = "Component", "Component", "{03BAA049-249F-4329-A743-06B8931689FA}"
EndProject
Project("{2150E333-8FDC-42A3-9474-1A3956D46DE8}") = "Data", "Data", "{383DE5F1-F963-4ACA-9915-963299F2F258}"
EndProject
Project("{2150E333-8FDC-42A3-9474-1A3956D46DE8}") = "Service", "Service", "{8D362FB2-BD91-4B14-9185-C7781F5D778E}"
EndProject
Project("{2150E333-8FDC-42A3-9474-1A3956D46DE8}") = "Model", "Model", "{D12E8B00-8891-44CC-82C6-D67D61727F9E}"
EndProject
Project("{2150E333-8FDC-42A3-9474-1A3956D46DE8}") = "Test", "Test", "{6D4B8169-5C59-4905-BDA2-5F705BD9D031}"
EndProject
Project("{2150E333-8FDC-42A3-9474-1A3956D46DE8}") = "Solution Items", "Solution Items", "{25012FB2-3F18-4E7A-8053-7E71A1F13BCC}"
	ProjectSection(SolutionItems) = preProject
		EnterpriseSolution.vsmdi = EnterpriseSolution.vsmdi
		EnterpriseSolution1.vsmdi = EnterpriseSolution1.vsmdi
		Local.testsettings = Local.testsettings
	EndProjectSection
EndProject
Project("{2150E333-8FDC-42A3-9474-1A3956D46DE8}") = "UI", "UI", "{8A184E64-0C3F-4C8A-8294-41185809D3BA}"
EndProject
Project("{FAE04EC0-301F-11D3-BF4B-00C04F79EFBC}") = "Enterprise.Test", "Enterprise.Test\Enterprise.Test.csproj", "{9C8F2054-F9EF-4DD3-9740-0313BC1EB948}"
EndProject
Project("{FAE04EC0-301F-11D3-BF4B-00C04F79EFBC}") = "Enterprise.UI.Web", "Enterprise.UI.Web\Enterprise.UI.Web.csproj", "{69EC92DA-7896-45A0-9C72-98A8477A3485}"
EndProject
Project("{FAE04EC0-301F-11D3-BF4B-00C04F79EFBC}") = "Enterprise.Component.ORM", "Enterprise.Component.ORM\Enterprise.Component.ORM.csproj", "{833F8E42-5AB8-499A-91A1-BF39F7BC0F53}"
EndProject
Project("{FAE04EC0-301F-11D3-BF4B-00C04F79EFBC}") = "Enterprise.Component.BF", "Enterprise.Component.BF\Enterprise.Component.BF.csproj", "{6D4F14DE-9415-41BE-A9B4-9EEC95504506}"
EndProject
Project("{FAE04EC0-301F-11D3-BF4B-00C04F79EFBC}") = "Enterprise.Component.Cache", "Enterprise.Component.Cache\Enterprise.Component.Cache.csproj", "{E38DDBF0-A978-4E6E-BFAB-15A25B08DE1C}"
EndProject
Project("{FAE04EC0-301F-11D3-BF4B-00C04F79EFBC}") = "Enterprise.Component.Control", "Enterprise.Component.Control\Enterprise.Component.Control.csproj", "{295AF9EA-B9B7-4F65-9621-AE5E9C7E37E1}"
EndProject
Project("{FAE04EC0-301F-11D3-BF4B-00C04F79EFBC}") = "Enterprise.Component.DataFactory", "Enterprise.Component.DataFactory\Enterprise.Component.DataFactory.csproj", "{18016929-D585-4EDA-8792-9A8591A3E05C}"
EndProject
Project("{FAE04EC0-301F-11D3-BF4B-00C04F79EFBC}") = "Enterprise.Component.Extension", "Enterprise.Component.Extension\Enterprise.Component.Extension.csproj", "{EB5C7846-5F24-4349-83EA-B24A616830A7}"
EndProject
Project("{FAE04EC0-301F-11D3-BF4B-00C04F79EFBC}") = "Enterprise.Component.Infrastructure", "Enterprise.Component.Infrastructure\Enterprise.Component.Infrastructure.csproj", "{A439B7BB-89F3-4BD1-87B8-259300139AFA}"
EndProject
Project("{FAE04EC0-301F-11D3-BF4B-00C04F79EFBC}") = "Enterprise.Component.Message", "Enterprise.Component.Message\Enterprise.Component.Message.csproj", "{36F9FE2C-8CC1-4116-A208-DDDDFBC0E08B}"
EndProject
Project("{FAE04EC0-301F-11D3-BF4B-00C04F79EFBC}") = "Enterprise.Component.Mobile", "Enterprise.Component.Mobile\Enterprise.Component.Mobile.csproj", "{37AB9C16-A843-4B1C-B655-6025876FB62B}"
EndProject
Project("{FAE04EC0-301F-11D3-BF4B-00C04F79EFBC}") = "Enterprise.Data.Basis", "Enterprise.Data.Basis\Enterprise.Data.Basis.csproj", "{5CAFD1EB-150F-471B-9F94-211EC1444E21}"
EndProject
Project("{FAE04EC0-301F-11D3-BF4B-00C04F79EFBC}") = "Enterprise.Data.Common", "Enterprise.Data.Common\Enterprise.Data.Common.csproj", "{6162B363-4D1B-43DB-970E-0EB55D558653}"
EndProject
Project("{FAE04EC0-301F-11D3-BF4B-00C04F79EFBC}") = "Enterprise.Model.Basis", "Enterprise.Model.Basis\Enterprise.Model.Basis.csproj", "{D00F0FA7-8175-40C8-815C-07BED22BE517}"
EndProject
Project("{FAE04EC0-301F-11D3-BF4B-00C04F79EFBC}") = "Enterprise.Model.Common", "Enterprise.Model.Common\Enterprise.Model.Common.csproj", "{33AAB140-F972-4267-8D25-4DEBE4BB6F14}"
EndProject
Project("{FAE04EC0-301F-11D3-BF4B-00C04F79EFBC}") = "Enterprise.Service.Basis", "Enterprise.Service.Basis\Enterprise.Service.Basis.csproj", "{36E05532-CE0B-461D-9742-296FEF2FACD8}"
EndProject
Project("{FAE04EC0-301F-11D3-BF4B-00C04F79EFBC}") = "Enterprise.Service.Common", "Enterprise.Service.Common\Enterprise.Service.Common.csproj", "{0B8A6D7E-181C-4D72-9F1B-943A54BEA290}"
EndProject
Project("{FAE04EC0-301F-11D3-BF4B-00C04F79EFBC}") = "Enterprise.Data.App", "Enterprise.Data.App\Enterprise.Data.App.csproj", "{7139B2F5-7377-4589-B82C-9C0DC98DAF51}"
EndProject
Project("{FAE04EC0-301F-11D3-BF4B-00C04F79EFBC}") = "Enterprise.Model.App", "Enterprise.Model.App\Enterprise.Model.App.csproj", "{52D6F2A1-C126-41DF-8F18-68DF73AC71D9}"
EndProject
Project("{FAE04EC0-301F-11D3-BF4B-00C04F79EFBC}") = "Enterprise.Service.App", "Enterprise.Service.App\Enterprise.Service.App.csproj", "{4F6B65EB-69F9-4D87-A7CB-7C41BBC9385D}"
EndProject
Project("{FAE04EC0-301F-11D3-BF4B-00C04F79EFBC}") = "Enterprise.Component.MVC", "Enterprise.Component.MVC\Enterprise.Component.MVC.csproj", "{89D12F43-DF2A-45CE-8013-1376A51F3149}"
EndProject
Global
	GlobalSection(TeamFoundationVersionControl) = preSolution
		SccNumberOfProjects = 22
		SccEnterpriseProvider = {4CA58AB2-18FA-4F8D-95D4-32DDF27D184C}
		SccTeamFoundationServer = http://10.66.232.2:8080/tfs/sseccodelib2015
		SccLocalPath0 = .
		SccProjectUniqueName1 = Enterprise.Component.BF\\Enterprise.Component.BF.csproj
		SccProjectTopLevelParentUniqueName1 = EnterpriseSolution.sln
		SccProjectName1 = Enterprise.Component.BF
		SccLocalPath1 = Enterprise.Component.BF
		SccProjectUniqueName2 = Enterprise.Component.Cache\\Enterprise.Component.Cache.csproj
		SccProjectTopLevelParentUniqueName2 = EnterpriseSolution.sln
		SccProjectName2 = Enterprise.Component.Cache
		SccLocalPath2 = Enterprise.Component.Cache
		SccProjectUniqueName3 = Enterprise.Component.Control\\Enterprise.Component.Control.csproj
		SccProjectTopLevelParentUniqueName3 = EnterpriseSolution.sln
		SccProjectName3 = Enterprise.Component.Control
		SccLocalPath3 = Enterprise.Component.Control
		SccProjectUniqueName4 = Enterprise.Component.DataFactory\\Enterprise.Component.DataFactory.csproj
		SccProjectTopLevelParentUniqueName4 = EnterpriseSolution.sln
		SccProjectName4 = Enterprise.Component.DataFactory
		SccLocalPath4 = Enterprise.Component.DataFactory
		SccProjectUniqueName5 = Enterprise.Component.Extension\\Enterprise.Component.Extension.csproj
		SccProjectTopLevelParentUniqueName5 = EnterpriseSolution.sln
		SccProjectName5 = Enterprise.Component.Extension
		SccLocalPath5 = Enterprise.Component.Extension
		SccProjectUniqueName6 = Enterprise.Component.Infrastructure\\Enterprise.Component.Infrastructure.csproj
		SccProjectTopLevelParentUniqueName6 = EnterpriseSolution.sln
		SccProjectName6 = Enterprise.Component.Infrastructure
		SccLocalPath6 = Enterprise.Component.Infrastructure
		SccProjectUniqueName7 = Enterprise.Component.Message\\Enterprise.Component.Message.csproj
		SccProjectTopLevelParentUniqueName7 = EnterpriseSolution.sln
		SccProjectName7 = Enterprise.Component.Message
		SccLocalPath7 = Enterprise.Component.Message
		SccProjectUniqueName8 = Enterprise.Component.Mobile\\Enterprise.Component.Mobile.csproj
		SccProjectTopLevelParentUniqueName8 = EnterpriseSolution.sln
		SccProjectName8 = Enterprise.Component.Mobile
		SccLocalPath8 = Enterprise.Component.Mobile
		SccProjectUniqueName9 = Enterprise.Component.MVC\\Enterprise.Component.MVC.csproj
		SccProjectTopLevelParentUniqueName9 = EnterpriseSolution.sln
		SccProjectName9 = Enterprise.Component.MVC
		SccLocalPath9 = Enterprise.Component.MVC
		SccProjectUniqueName10 = Enterprise.Component.ORM\\Enterprise.Component.ORM.csproj
		SccProjectTopLevelParentUniqueName10 = EnterpriseSolution.sln
		SccProjectName10 = Enterprise.Component.ORM
		SccLocalPath10 = Enterprise.Component.ORM
		SccProjectUniqueName11 = Enterprise.Data.App\\Enterprise.Data.App.csproj
		SccProjectTopLevelParentUniqueName11 = EnterpriseSolution.sln
		SccProjectName11 = Enterprise.Data.App
		SccLocalPath11 = Enterprise.Data.App
		SccProjectUniqueName12 = Enterprise.Data.Basis\\Enterprise.Data.Basis.csproj
		SccProjectTopLevelParentUniqueName12 = EnterpriseSolution.sln
		SccProjectName12 = Enterprise.Data.Basis
		SccLocalPath12 = Enterprise.Data.Basis
		SccProjectUniqueName13 = Enterprise.Data.Common\\Enterprise.Data.Common.csproj
		SccProjectTopLevelParentUniqueName13 = EnterpriseSolution.sln
		SccProjectName13 = Enterprise.Data.Common
		SccLocalPath13 = Enterprise.Data.Common
		SccProjectUniqueName14 = Enterprise.Model.App\\Enterprise.Model.App.csproj
		SccProjectTopLevelParentUniqueName14 = EnterpriseSolution.sln
		SccProjectName14 = Enterprise.Model.App
		SccLocalPath14 = Enterprise.Model.App
		SccProjectUniqueName15 = Enterprise.Model.Basis\\Enterprise.Model.Basis.csproj
		SccProjectTopLevelParentUniqueName15 = EnterpriseSolution.sln
		SccProjectName15 = Enterprise.Model.Basis
		SccLocalPath15 = Enterprise.Model.Basis
		SccProjectUniqueName16 = Enterprise.Model.Common\\Enterprise.Model.Common.csproj
		SccProjectTopLevelParentUniqueName16 = EnterpriseSolution.sln
		SccProjectName16 = Enterprise.Model.Common
		SccLocalPath16 = Enterprise.Model.Common
		SccProjectUniqueName17 = Enterprise.Service.App\\Enterprise.Service.App.csproj
		SccProjectTopLevelParentUniqueName17 = EnterpriseSolution.sln
		SccProjectName17 = Enterprise.Service.App
		SccLocalPath17 = Enterprise.Service.App
		SccProjectUniqueName18 = Enterprise.Service.Basis\\Enterprise.Service.Basis.csproj
		SccProjectTopLevelParentUniqueName18 = EnterpriseSolution.sln
		SccProjectName18 = Enterprise.Service.Basis
		SccLocalPath18 = Enterprise.Service.Basis
		SccProjectUniqueName19 = Enterprise.Service.Common\\Enterprise.Service.Common.csproj
		SccProjectTopLevelParentUniqueName19 = EnterpriseSolution.sln
		SccProjectName19 = Enterprise.Service.Common
		SccLocalPath19 = Enterprise.Service.Common
		SccProjectUniqueName20 = Enterprise.Test\\Enterprise.Test.csproj
		SccProjectTopLevelParentUniqueName20 = EnterpriseSolution.sln
		SccProjectName20 = Enterprise.Test
		SccLocalPath20 = Enterprise.Test
		SccProjectUniqueName21 = Enterprise.UI.Web\\Enterprise.UI.Web.csproj
		SccProjectTopLevelParentUniqueName21 = EnterpriseSolution.sln
		SccProjectName21 = Enterprise.UI.Web
		SccLocalPath21 = Enterprise.UI.Web
	EndGlobalSection
	GlobalSection(TestCaseManagementSettings) = postSolution
		CategoryFile = EnterpriseSolution1.vsmdi
	EndGlobalSection
	GlobalSection(SolutionConfigurationPlatforms) = preSolution
		Debug|Any CPU = Debug|Any CPU
		Debug|Mixed Platforms = Debug|Mixed Platforms
		Debug|x86 = Debug|x86
		Release|Any CPU = Release|Any CPU
		Release|Mixed Platforms = Release|Mixed Platforms
		Release|x86 = Release|x86
	EndGlobalSection
	GlobalSection(ProjectConfigurationPlatforms) = postSolution
		{9C8F2054-F9EF-4DD3-9740-0313BC1EB948}.Debug|Any CPU.ActiveCfg = Debug|Any CPU
		{9C8F2054-F9EF-4DD3-9740-0313BC1EB948}.Debug|Any CPU.Build.0 = Debug|Any CPU
		{9C8F2054-F9EF-4DD3-9740-0313BC1EB948}.Debug|Mixed Platforms.ActiveCfg = Debug|Any CPU
		{9C8F2054-F9EF-4DD3-9740-0313BC1EB948}.Debug|Mixed Platforms.Build.0 = Debug|Any CPU
		{9C8F2054-F9EF-4DD3-9740-0313BC1EB948}.Debug|x86.ActiveCfg = Debug|Any CPU
		{9C8F2054-F9EF-4DD3-9740-0313BC1EB948}.Release|Any CPU.ActiveCfg = Release|Any CPU
		{9C8F2054-F9EF-4DD3-9740-0313BC1EB948}.Release|Any CPU.Build.0 = Release|Any CPU
		{9C8F2054-F9EF-4DD3-9740-0313BC1EB948}.Release|Mixed Platforms.ActiveCfg = Release|Any CPU
		{9C8F2054-F9EF-4DD3-9740-0313BC1EB948}.Release|Mixed Platforms.Build.0 = Release|Any CPU
		{9C8F2054-F9EF-4DD3-9740-0313BC1EB948}.Release|x86.ActiveCfg = Release|Any CPU
		{69EC92DA-7896-45A0-9C72-98A8477A3485}.Debug|Any CPU.ActiveCfg = Debug|Any CPU
		{69EC92DA-7896-45A0-9C72-98A8477A3485}.Debug|Any CPU.Build.0 = Debug|Any CPU
		{69EC92DA-7896-45A0-9C72-98A8477A3485}.Debug|Mixed Platforms.ActiveCfg = Debug|Any CPU
		{69EC92DA-7896-45A0-9C72-98A8477A3485}.Debug|Mixed Platforms.Build.0 = Debug|Any CPU
		{69EC92DA-7896-45A0-9C72-98A8477A3485}.Debug|x86.ActiveCfg = Debug|Any CPU
		{69EC92DA-7896-45A0-9C72-98A8477A3485}.Release|Any CPU.ActiveCfg = Release|Any CPU
		{69EC92DA-7896-45A0-9C72-98A8477A3485}.Release|Any CPU.Build.0 = Release|Any CPU
		{69EC92DA-7896-45A0-9C72-98A8477A3485}.Release|Mixed Platforms.ActiveCfg = Release|Any CPU
		{69EC92DA-7896-45A0-9C72-98A8477A3485}.Release|Mixed Platforms.Build.0 = Release|Any CPU
		{69EC92DA-7896-45A0-9C72-98A8477A3485}.Release|x86.ActiveCfg = Release|Any CPU
		{833F8E42-5AB8-499A-91A1-BF39F7BC0F53}.Debug|Any CPU.ActiveCfg = Debug|Any CPU
		{833F8E42-5AB8-499A-91A1-BF39F7BC0F53}.Debug|Any CPU.Build.0 = Debug|Any CPU
		{833F8E42-5AB8-499A-91A1-BF39F7BC0F53}.Debug|Mixed Platforms.ActiveCfg = Debug|Any CPU
		{833F8E42-5AB8-499A-91A1-BF39F7BC0F53}.Debug|Mixed Platforms.Build.0 = Debug|Any CPU
		{833F8E42-5AB8-499A-91A1-BF39F7BC0F53}.Debug|x86.ActiveCfg = Debug|Any CPU
		{833F8E42-5AB8-499A-91A1-BF39F7BC0F53}.Release|Any CPU.ActiveCfg = Release|Any CPU
		{833F8E42-5AB8-499A-91A1-BF39F7BC0F53}.Release|Any CPU.Build.0 = Release|Any CPU
		{833F8E42-5AB8-499A-91A1-BF39F7BC0F53}.Release|Mixed Platforms.ActiveCfg = Release|Any CPU
		{833F8E42-5AB8-499A-91A1-BF39F7BC0F53}.Release|Mixed Platforms.Build.0 = Release|Any CPU
		{833F8E42-5AB8-499A-91A1-BF39F7BC0F53}.Release|x86.ActiveCfg = Release|Any CPU
		{6D4F14DE-9415-41BE-A9B4-9EEC95504506}.Debug|Any CPU.ActiveCfg = Debug|Any CPU
		{6D4F14DE-9415-41BE-A9B4-9EEC95504506}.Debug|Any CPU.Build.0 = Debug|Any CPU
		{6D4F14DE-9415-41BE-A9B4-9EEC95504506}.Debug|Mixed Platforms.ActiveCfg = Debug|Any CPU
		{6D4F14DE-9415-41BE-A9B4-9EEC95504506}.Debug|Mixed Platforms.Build.0 = Debug|Any CPU
		{6D4F14DE-9415-41BE-A9B4-9EEC95504506}.Debug|x86.ActiveCfg = Debug|Any CPU
		{6D4F14DE-9415-41BE-A9B4-9EEC95504506}.Release|Any CPU.ActiveCfg = Release|Any CPU
		{6D4F14DE-9415-41BE-A9B4-9EEC95504506}.Release|Any CPU.Build.0 = Release|Any CPU
		{6D4F14DE-9415-41BE-A9B4-9EEC95504506}.Release|Mixed Platforms.ActiveCfg = Release|Any CPU
		{6D4F14DE-9415-41BE-A9B4-9EEC95504506}.Release|Mixed Platforms.Build.0 = Release|Any CPU
		{6D4F14DE-9415-41BE-A9B4-9EEC95504506}.Release|x86.ActiveCfg = Release|Any CPU
		{E38DDBF0-A978-4E6E-BFAB-15A25B08DE1C}.Debug|Any CPU.ActiveCfg = Debug|Any CPU
		{E38DDBF0-A978-4E6E-BFAB-15A25B08DE1C}.Debug|Any CPU.Build.0 = Debug|Any CPU
		{E38DDBF0-A978-4E6E-BFAB-15A25B08DE1C}.Debug|Mixed Platforms.ActiveCfg = Debug|Any CPU
		{E38DDBF0-A978-4E6E-BFAB-15A25B08DE1C}.Debug|Mixed Platforms.Build.0 = Debug|Any CPU
		{E38DDBF0-A978-4E6E-BFAB-15A25B08DE1C}.Debug|x86.ActiveCfg = Debug|Any CPU
		{E38DDBF0-A978-4E6E-BFAB-15A25B08DE1C}.Release|Any CPU.ActiveCfg = Release|Any CPU
		{E38DDBF0-A978-4E6E-BFAB-15A25B08DE1C}.Release|Any CPU.Build.0 = Release|Any CPU
		{E38DDBF0-A978-4E6E-BFAB-15A25B08DE1C}.Release|Mixed Platforms.ActiveCfg = Release|Any CPU
		{E38DDBF0-A978-4E6E-BFAB-15A25B08DE1C}.Release|Mixed Platforms.Build.0 = Release|Any CPU
		{E38DDBF0-A978-4E6E-BFAB-15A25B08DE1C}.Release|x86.ActiveCfg = Release|Any CPU
		{295AF9EA-B9B7-4F65-9621-AE5E9C7E37E1}.Debug|Any CPU.ActiveCfg = Debug|Any CPU
		{295AF9EA-B9B7-4F65-9621-AE5E9C7E37E1}.Debug|Any CPU.Build.0 = Debug|Any CPU
		{295AF9EA-B9B7-4F65-9621-AE5E9C7E37E1}.Debug|Mixed Platforms.ActiveCfg = Debug|Any CPU
		{295AF9EA-B9B7-4F65-9621-AE5E9C7E37E1}.Debug|Mixed Platforms.Build.0 = Debug|Any CPU
		{295AF9EA-B9B7-4F65-9621-AE5E9C7E37E1}.Debug|x86.ActiveCfg = Debug|Any CPU
		{295AF9EA-B9B7-4F65-9621-AE5E9C7E37E1}.Release|Any CPU.ActiveCfg = Release|Any CPU
		{295AF9EA-B9B7-4F65-9621-AE5E9C7E37E1}.Release|Any CPU.Build.0 = Release|Any CPU
		{295AF9EA-B9B7-4F65-9621-AE5E9C7E37E1}.Release|Mixed Platforms.ActiveCfg = Release|Any CPU
		{295AF9EA-B9B7-4F65-9621-AE5E9C7E37E1}.Release|Mixed Platforms.Build.0 = Release|Any CPU
		{295AF9EA-B9B7-4F65-9621-AE5E9C7E37E1}.Release|x86.ActiveCfg = Release|Any CPU
		{18016929-D585-4EDA-8792-9A8591A3E05C}.Debug|Any CPU.ActiveCfg = Debug|Any CPU
		{18016929-D585-4EDA-8792-9A8591A3E05C}.Debug|Any CPU.Build.0 = Debug|Any CPU
		{18016929-D585-4EDA-8792-9A8591A3E05C}.Debug|Mixed Platforms.ActiveCfg = Debug|Any CPU
		{18016929-D585-4EDA-8792-9A8591A3E05C}.Debug|Mixed Platforms.Build.0 = Debug|Any CPU
		{18016929-D585-4EDA-8792-9A8591A3E05C}.Debug|x86.ActiveCfg = Debug|Any CPU
		{18016929-D585-4EDA-8792-9A8591A3E05C}.Release|Any CPU.ActiveCfg = Release|Any CPU
		{18016929-D585-4EDA-8792-9A8591A3E05C}.Release|Any CPU.Build.0 = Release|Any CPU
		{18016929-D585-4EDA-8792-9A8591A3E05C}.Release|Mixed Platforms.ActiveCfg = Release|Any CPU
		{18016929-D585-4EDA-8792-9A8591A3E05C}.Release|Mixed Platforms.Build.0 = Release|Any CPU
		{18016929-D585-4EDA-8792-9A8591A3E05C}.Release|x86.ActiveCfg = Release|Any CPU
		{EB5C7846-5F24-4349-83EA-B24A616830A7}.Debug|Any CPU.ActiveCfg = Debug|Any CPU
		{EB5C7846-5F24-4349-83EA-B24A616830A7}.Debug|Any CPU.Build.0 = Debug|Any CPU
		{EB5C7846-5F24-4349-83EA-B24A616830A7}.Debug|Mixed Platforms.ActiveCfg = Debug|Any CPU
		{EB5C7846-5F24-4349-83EA-B24A616830A7}.Debug|Mixed Platforms.Build.0 = Debug|Any CPU
		{EB5C7846-5F24-4349-83EA-B24A616830A7}.Debug|x86.ActiveCfg = Debug|Any CPU
		{EB5C7846-5F24-4349-83EA-B24A616830A7}.Release|Any CPU.ActiveCfg = Release|Any CPU
		{EB5C7846-5F24-4349-83EA-B24A616830A7}.Release|Any CPU.Build.0 = Release|Any CPU
		{EB5C7846-5F24-4349-83EA-B24A616830A7}.Release|Mixed Platforms.ActiveCfg = Release|Any CPU
		{EB5C7846-5F24-4349-83EA-B24A616830A7}.Release|Mixed Platforms.Build.0 = Release|Any CPU
		{EB5C7846-5F24-4349-83EA-B24A616830A7}.Release|x86.ActiveCfg = Release|Any CPU
		{A439B7BB-89F3-4BD1-87B8-259300139AFA}.Debug|Any CPU.ActiveCfg = Debug|Any CPU
		{A439B7BB-89F3-4BD1-87B8-259300139AFA}.Debug|Any CPU.Build.0 = Debug|Any CPU
		{A439B7BB-89F3-4BD1-87B8-259300139AFA}.Debug|Mixed Platforms.ActiveCfg = Debug|Any CPU
		{A439B7BB-89F3-4BD1-87B8-259300139AFA}.Debug|Mixed Platforms.Build.0 = Debug|Any CPU
		{A439B7BB-89F3-4BD1-87B8-259300139AFA}.Debug|x86.ActiveCfg = Debug|Any CPU
		{A439B7BB-89F3-4BD1-87B8-259300139AFA}.Release|Any CPU.ActiveCfg = Release|Any CPU
		{A439B7BB-89F3-4BD1-87B8-259300139AFA}.Release|Any CPU.Build.0 = Release|Any CPU
		{A439B7BB-89F3-4BD1-87B8-259300139AFA}.Release|Mixed Platforms.ActiveCfg = Release|Any CPU
		{A439B7BB-89F3-4BD1-87B8-259300139AFA}.Release|Mixed Platforms.Build.0 = Release|Any CPU
		{A439B7BB-89F3-4BD1-87B8-259300139AFA}.Release|x86.ActiveCfg = Release|Any CPU
		{36F9FE2C-8CC1-4116-A208-DDDDFBC0E08B}.Debug|Any CPU.ActiveCfg = Debug|Any CPU
		{36F9FE2C-8CC1-4116-A208-DDDDFBC0E08B}.Debug|Any CPU.Build.0 = Debug|Any CPU
		{36F9FE2C-8CC1-4116-A208-DDDDFBC0E08B}.Debug|Mixed Platforms.ActiveCfg = Debug|Any CPU
		{36F9FE2C-8CC1-4116-A208-DDDDFBC0E08B}.Debug|Mixed Platforms.Build.0 = Debug|Any CPU
		{36F9FE2C-8CC1-4116-A208-DDDDFBC0E08B}.Debug|x86.ActiveCfg = Debug|Any CPU
		{36F9FE2C-8CC1-4116-A208-DDDDFBC0E08B}.Release|Any CPU.ActiveCfg = Release|Any CPU
		{36F9FE2C-8CC1-4116-A208-DDDDFBC0E08B}.Release|Any CPU.Build.0 = Release|Any CPU
		{36F9FE2C-8CC1-4116-A208-DDDDFBC0E08B}.Release|Mixed Platforms.ActiveCfg = Release|Any CPU
		{36F9FE2C-8CC1-4116-A208-DDDDFBC0E08B}.Release|Mixed Platforms.Build.0 = Release|Any CPU
		{36F9FE2C-8CC1-4116-A208-DDDDFBC0E08B}.Release|x86.ActiveCfg = Release|Any CPU
		{37AB9C16-A843-4B1C-B655-6025876FB62B}.Debug|Any CPU.ActiveCfg = Debug|Any CPU
		{37AB9C16-A843-4B1C-B655-6025876FB62B}.Debug|Any CPU.Build.0 = Debug|Any CPU
		{37AB9C16-A843-4B1C-B655-6025876FB62B}.Debug|Mixed Platforms.ActiveCfg = Debug|Any CPU
		{37AB9C16-A843-4B1C-B655-6025876FB62B}.Debug|Mixed Platforms.Build.0 = Debug|Any CPU
		{37AB9C16-A843-4B1C-B655-6025876FB62B}.Debug|x86.ActiveCfg = Debug|Any CPU
		{37AB9C16-A843-4B1C-B655-6025876FB62B}.Release|Any CPU.ActiveCfg = Release|Any CPU
		{37AB9C16-A843-4B1C-B655-6025876FB62B}.Release|Any CPU.Build.0 = Release|Any CPU
		{37AB9C16-A843-4B1C-B655-6025876FB62B}.Release|Mixed Platforms.ActiveCfg = Release|Any CPU
		{37AB9C16-A843-4B1C-B655-6025876FB62B}.Release|Mixed Platforms.Build.0 = Release|Any CPU
		{37AB9C16-A843-4B1C-B655-6025876FB62B}.Release|x86.ActiveCfg = Release|Any CPU
		{5CAFD1EB-150F-471B-9F94-211EC1444E21}.Debug|Any CPU.ActiveCfg = Debug|Any CPU
		{5CAFD1EB-150F-471B-9F94-211EC1444E21}.Debug|Any CPU.Build.0 = Debug|Any CPU
		{5CAFD1EB-150F-471B-9F94-211EC1444E21}.Debug|Mixed Platforms.ActiveCfg = Debug|Any CPU
		{5CAFD1EB-150F-471B-9F94-211EC1444E21}.Debug|Mixed Platforms.Build.0 = Debug|Any CPU
		{5CAFD1EB-150F-471B-9F94-211EC1444E21}.Debug|x86.ActiveCfg = Debug|Any CPU
		{5CAFD1EB-150F-471B-9F94-211EC1444E21}.Release|Any CPU.ActiveCfg = Release|Any CPU
		{5CAFD1EB-150F-471B-9F94-211EC1444E21}.Release|Any CPU.Build.0 = Release|Any CPU
		{5CAFD1EB-150F-471B-9F94-211EC1444E21}.Release|Mixed Platforms.ActiveCfg = Release|Any CPU
		{5CAFD1EB-150F-471B-9F94-211EC1444E21}.Release|Mixed Platforms.Build.0 = Release|Any CPU
		{5CAFD1EB-150F-471B-9F94-211EC1444E21}.Release|x86.ActiveCfg = Release|Any CPU
		{6162B363-4D1B-43DB-970E-0EB55D558653}.Debug|Any CPU.ActiveCfg = Debug|Any CPU
		{6162B363-4D1B-43DB-970E-0EB55D558653}.Debug|Any CPU.Build.0 = Debug|Any CPU
		{6162B363-4D1B-43DB-970E-0EB55D558653}.Debug|Mixed Platforms.ActiveCfg = Debug|Any CPU
		{6162B363-4D1B-43DB-970E-0EB55D558653}.Debug|Mixed Platforms.Build.0 = Debug|Any CPU
		{6162B363-4D1B-43DB-970E-0EB55D558653}.Debug|x86.ActiveCfg = Debug|Any CPU
		{6162B363-4D1B-43DB-970E-0EB55D558653}.Release|Any CPU.ActiveCfg = Release|Any CPU
		{6162B363-4D1B-43DB-970E-0EB55D558653}.Release|Any CPU.Build.0 = Release|Any CPU
		{6162B363-4D1B-43DB-970E-0EB55D558653}.Release|Mixed Platforms.ActiveCfg = Release|Any CPU
		{6162B363-4D1B-43DB-970E-0EB55D558653}.Release|Mixed Platforms.Build.0 = Release|Any CPU
		{6162B363-4D1B-43DB-970E-0EB55D558653}.Release|x86.ActiveCfg = Release|Any CPU
		{D00F0FA7-8175-40C8-815C-07BED22BE517}.Debug|Any CPU.ActiveCfg = Debug|Any CPU
		{D00F0FA7-8175-40C8-815C-07BED22BE517}.Debug|Any CPU.Build.0 = Debug|Any CPU
		{D00F0FA7-8175-40C8-815C-07BED22BE517}.Debug|Mixed Platforms.ActiveCfg = Debug|Any CPU
		{D00F0FA7-8175-40C8-815C-07BED22BE517}.Debug|Mixed Platforms.Build.0 = Debug|Any CPU
		{D00F0FA7-8175-40C8-815C-07BED22BE517}.Debug|x86.ActiveCfg = Debug|Any CPU
		{D00F0FA7-8175-40C8-815C-07BED22BE517}.Release|Any CPU.ActiveCfg = Release|Any CPU
		{D00F0FA7-8175-40C8-815C-07BED22BE517}.Release|Any CPU.Build.0 = Release|Any CPU
		{D00F0FA7-8175-40C8-815C-07BED22BE517}.Release|Mixed Platforms.ActiveCfg = Release|Any CPU
		{D00F0FA7-8175-40C8-815C-07BED22BE517}.Release|Mixed Platforms.Build.0 = Release|Any CPU
		{D00F0FA7-8175-40C8-815C-07BED22BE517}.Release|x86.ActiveCfg = Release|Any CPU
		{33AAB140-F972-4267-8D25-4DEBE4BB6F14}.Debug|Any CPU.ActiveCfg = Debug|Any CPU
		{33AAB140-F972-4267-8D25-4DEBE4BB6F14}.Debug|Any CPU.Build.0 = Debug|Any CPU
		{33AAB140-F972-4267-8D25-4DEBE4BB6F14}.Debug|Mixed Platforms.ActiveCfg = Debug|Any CPU
		{33AAB140-F972-4267-8D25-4DEBE4BB6F14}.Debug|Mixed Platforms.Build.0 = Debug|Any CPU
		{33AAB140-F972-4267-8D25-4DEBE4BB6F14}.Debug|x86.ActiveCfg = Debug|Any CPU
		{33AAB140-F972-4267-8D25-4DEBE4BB6F14}.Release|Any CPU.ActiveCfg = Release|Any CPU
		{33AAB140-F972-4267-8D25-4DEBE4BB6F14}.Release|Any CPU.Build.0 = Release|Any CPU
		{33AAB140-F972-4267-8D25-4DEBE4BB6F14}.Release|Mixed Platforms.ActiveCfg = Release|Any CPU
		{33AAB140-F972-4267-8D25-4DEBE4BB6F14}.Release|Mixed Platforms.Build.0 = Release|Any CPU
		{33AAB140-F972-4267-8D25-4DEBE4BB6F14}.Release|x86.ActiveCfg = Release|Any CPU
		{36E05532-CE0B-461D-9742-296FEF2FACD8}.Debug|Any CPU.ActiveCfg = Debug|Any CPU
		{36E05532-CE0B-461D-9742-296FEF2FACD8}.Debug|Any CPU.Build.0 = Debug|Any CPU
		{36E05532-CE0B-461D-9742-296FEF2FACD8}.Debug|Mixed Platforms.ActiveCfg = Debug|Any CPU
		{36E05532-CE0B-461D-9742-296FEF2FACD8}.Debug|Mixed Platforms.Build.0 = Debug|Any CPU
		{36E05532-CE0B-461D-9742-296FEF2FACD8}.Debug|x86.ActiveCfg = Debug|Any CPU
		{36E05532-CE0B-461D-9742-296FEF2FACD8}.Release|Any CPU.ActiveCfg = Release|Any CPU
		{36E05532-CE0B-461D-9742-296FEF2FACD8}.Release|Any CPU.Build.0 = Release|Any CPU
		{36E05532-CE0B-461D-9742-296FEF2FACD8}.Release|Mixed Platforms.ActiveCfg = Release|Any CPU
		{36E05532-CE0B-461D-9742-296FEF2FACD8}.Release|Mixed Platforms.Build.0 = Release|Any CPU
		{36E05532-CE0B-461D-9742-296FEF2FACD8}.Release|x86.ActiveCfg = Release|Any CPU
		{0B8A6D7E-181C-4D72-9F1B-943A54BEA290}.Debug|Any CPU.ActiveCfg = Debug|Any CPU
		{0B8A6D7E-181C-4D72-9F1B-943A54BEA290}.Debug|Any CPU.Build.0 = Debug|Any CPU
		{0B8A6D7E-181C-4D72-9F1B-943A54BEA290}.Debug|Mixed Platforms.ActiveCfg = Debug|Any CPU
		{0B8A6D7E-181C-4D72-9F1B-943A54BEA290}.Debug|Mixed Platforms.Build.0 = Debug|Any CPU
		{0B8A6D7E-181C-4D72-9F1B-943A54BEA290}.Debug|x86.ActiveCfg = Debug|Any CPU
		{0B8A6D7E-181C-4D72-9F1B-943A54BEA290}.Release|Any CPU.ActiveCfg = Release|Any CPU
		{0B8A6D7E-181C-4D72-9F1B-943A54BEA290}.Release|Any CPU.Build.0 = Release|Any CPU
		{0B8A6D7E-181C-4D72-9F1B-943A54BEA290}.Release|Mixed Platforms.ActiveCfg = Release|Any CPU
		{0B8A6D7E-181C-4D72-9F1B-943A54BEA290}.Release|Mixed Platforms.Build.0 = Release|Any CPU
		{0B8A6D7E-181C-4D72-9F1B-943A54BEA290}.Release|x86.ActiveCfg = Release|Any CPU
		{7139B2F5-7377-4589-B82C-9C0DC98DAF51}.Debug|Any CPU.ActiveCfg = Debug|Any CPU
		{7139B2F5-7377-4589-B82C-9C0DC98DAF51}.Debug|Any CPU.Build.0 = Debug|Any CPU
		{7139B2F5-7377-4589-B82C-9C0DC98DAF51}.Debug|Mixed Platforms.ActiveCfg = Debug|Any CPU
		{7139B2F5-7377-4589-B82C-9C0DC98DAF51}.Debug|Mixed Platforms.Build.0 = Debug|Any CPU
		{7139B2F5-7377-4589-B82C-9C0DC98DAF51}.Debug|x86.ActiveCfg = Debug|Any CPU
		{7139B2F5-7377-4589-B82C-9C0DC98DAF51}.Release|Any CPU.ActiveCfg = Release|Any CPU
		{7139B2F5-7377-4589-B82C-9C0DC98DAF51}.Release|Any CPU.Build.0 = Release|Any CPU
		{7139B2F5-7377-4589-B82C-9C0DC98DAF51}.Release|Mixed Platforms.ActiveCfg = Release|Any CPU
		{7139B2F5-7377-4589-B82C-9C0DC98DAF51}.Release|Mixed Platforms.Build.0 = Release|Any CPU
		{7139B2F5-7377-4589-B82C-9C0DC98DAF51}.Release|x86.ActiveCfg = Release|Any CPU
		{52D6F2A1-C126-41DF-8F18-68DF73AC71D9}.Debug|Any CPU.ActiveCfg = Debug|Any CPU
		{52D6F2A1-C126-41DF-8F18-68DF73AC71D9}.Debug|Any CPU.Build.0 = Debug|Any CPU
		{52D6F2A1-C126-41DF-8F18-68DF73AC71D9}.Debug|Mixed Platforms.ActiveCfg = Debug|Any CPU
		{52D6F2A1-C126-41DF-8F18-68DF73AC71D9}.Debug|Mixed Platforms.Build.0 = Debug|Any CPU
		{52D6F2A1-C126-41DF-8F18-68DF73AC71D9}.Debug|x86.ActiveCfg = Debug|Any CPU
		{52D6F2A1-C126-41DF-8F18-68DF73AC71D9}.Release|Any CPU.ActiveCfg = Release|Any CPU
		{52D6F2A1-C126-41DF-8F18-68DF73AC71D9}.Release|Any CPU.Build.0 = Release|Any CPU
		{52D6F2A1-C126-41DF-8F18-68DF73AC71D9}.Release|Mixed Platforms.ActiveCfg = Release|Any CPU
		{52D6F2A1-C126-41DF-8F18-68DF73AC71D9}.Release|Mixed Platforms.Build.0 = Release|Any CPU
		{52D6F2A1-C126-41DF-8F18-68DF73AC71D9}.Release|x86.ActiveCfg = Release|Any CPU
		{4F6B65EB-69F9-4D87-A7CB-7C41BBC9385D}.Debug|Any CPU.ActiveCfg = Debug|Any CPU
		{4F6B65EB-69F9-4D87-A7CB-7C41BBC9385D}.Debug|Any CPU.Build.0 = Debug|Any CPU
		{4F6B65EB-69F9-4D87-A7CB-7C41BBC9385D}.Debug|Mixed Platforms.ActiveCfg = Debug|Any CPU
		{4F6B65EB-69F9-4D87-A7CB-7C41BBC9385D}.Debug|Mixed Platforms.Build.0 = Debug|Any CPU
		{4F6B65EB-69F9-4D87-A7CB-7C41BBC9385D}.Debug|x86.ActiveCfg = Debug|Any CPU
		{4F6B65EB-69F9-4D87-A7CB-7C41BBC9385D}.Release|Any CPU.ActiveCfg = Release|Any CPU
		{4F6B65EB-69F9-4D87-A7CB-7C41BBC9385D}.Release|Any CPU.Build.0 = Release|Any CPU
		{4F6B65EB-69F9-4D87-A7CB-7C41BBC9385D}.Release|Mixed Platforms.ActiveCfg = Release|Any CPU
		{4F6B65EB-69F9-4D87-A7CB-7C41BBC9385D}.Release|Mixed Platforms.Build.0 = Release|Any CPU
		{4F6B65EB-69F9-4D87-A7CB-7C41BBC9385D}.Release|x86.ActiveCfg = Release|Any CPU
		{89D12F43-DF2A-45CE-8013-1376A51F3149}.Debug|Any CPU.ActiveCfg = Debug|Any CPU
		{89D12F43-DF2A-45CE-8013-1376A51F3149}.Debug|Any CPU.Build.0 = Debug|Any CPU
		{89D12F43-DF2A-45CE-8013-1376A51F3149}.Debug|Mixed Platforms.ActiveCfg = Debug|Any CPU
		{89D12F43-DF2A-45CE-8013-1376A51F3149}.Debug|Mixed Platforms.Build.0 = Debug|Any CPU
		{89D12F43-DF2A-45CE-8013-1376A51F3149}.Debug|x86.ActiveCfg = Debug|Any CPU
		{89D12F43-DF2A-45CE-8013-1376A51F3149}.Release|Any CPU.ActiveCfg = Release|Any CPU
		{89D12F43-DF2A-45CE-8013-1376A51F3149}.Release|Any CPU.Build.0 = Release|Any CPU
		{89D12F43-DF2A-45CE-8013-1376A51F3149}.Release|Mixed Platforms.ActiveCfg = Release|Any CPU
		{89D12F43-DF2A-45CE-8013-1376A51F3149}.Release|Mixed Platforms.Build.0 = Release|Any CPU
		{89D12F43-DF2A-45CE-8013-1376A51F3149}.Release|x86.ActiveCfg = Release|Any CPU
	EndGlobalSection
	GlobalSection(SolutionProperties) = preSolution
		HideSolutionNode = FALSE
	EndGlobalSection
	GlobalSection(NestedProjects) = preSolution
		{833F8E42-5AB8-499A-91A1-BF39F7BC0F53} = {03BAA049-249F-4329-A743-06B8931689FA}
		{6D4F14DE-9415-41BE-A9B4-9EEC95504506} = {03BAA049-249F-4329-A743-06B8931689FA}
		{E38DDBF0-A978-4E6E-BFAB-15A25B08DE1C} = {03BAA049-249F-4329-A743-06B8931689FA}
		{295AF9EA-B9B7-4F65-9621-AE5E9C7E37E1} = {03BAA049-249F-4329-A743-06B8931689FA}
		{18016929-D585-4EDA-8792-9A8591A3E05C} = {03BAA049-249F-4329-A743-06B8931689FA}
		{EB5C7846-5F24-4349-83EA-B24A616830A7} = {03BAA049-249F-4329-A743-06B8931689FA}
		{A439B7BB-89F3-4BD1-87B8-259300139AFA} = {03BAA049-249F-4329-A743-06B8931689FA}
		{36F9FE2C-8CC1-4116-A208-DDDDFBC0E08B} = {03BAA049-249F-4329-A743-06B8931689FA}
		{37AB9C16-A843-4B1C-B655-6025876FB62B} = {03BAA049-249F-4329-A743-06B8931689FA}
		{89D12F43-DF2A-45CE-8013-1376A51F3149} = {03BAA049-249F-4329-A743-06B8931689FA}
		{5CAFD1EB-150F-471B-9F94-211EC1444E21} = {383DE5F1-F963-4ACA-9915-963299F2F258}
		{6162B363-4D1B-43DB-970E-0EB55D558653} = {383DE5F1-F963-4ACA-9915-963299F2F258}
		{7139B2F5-7377-4589-B82C-9C0DC98DAF51} = {383DE5F1-F963-4ACA-9915-963299F2F258}
		{36E05532-CE0B-461D-9742-296FEF2FACD8} = {8D362FB2-BD91-4B14-9185-C7781F5D778E}
		{0B8A6D7E-181C-4D72-9F1B-943A54BEA290} = {8D362FB2-BD91-4B14-9185-C7781F5D778E}
		{4F6B65EB-69F9-4D87-A7CB-7C41BBC9385D} = {8D362FB2-BD91-4B14-9185-C7781F5D778E}
		{D00F0FA7-8175-40C8-815C-07BED22BE517} = {D12E8B00-8891-44CC-82C6-D67D61727F9E}
		{33AAB140-F972-4267-8D25-4DEBE4BB6F14} = {D12E8B00-8891-44CC-82C6-D67D61727F9E}
		{52D6F2A1-C126-41DF-8F18-68DF73AC71D9} = {D12E8B00-8891-44CC-82C6-D67D61727F9E}
		{25012FB2-3F18-4E7A-8053-7E71A1F13BCC} = {6D4B8169-5C59-4905-BDA2-5F705BD9D031}
		{9C8F2054-F9EF-4DD3-9740-0313BC1EB948} = {6D4B8169-5C59-4905-BDA2-5F705BD9D031}
		{69EC92DA-7896-45A0-9C72-98A8477A3485} = {8A184E64-0C3F-4C8A-8294-41185809D3BA}
	EndGlobalSection
EndGlobal
